
Microsoft Visual Studio Solution File, Format Version 12.00
# Visual Studio Version 16
VisualStudioVersion = 16.0.31911.196
MinimumVisualStudioVersion = 10.0.40219.1
Project("{FAE04EC0-301F-11D3-BF4B-00C04F79EFBC}") = "PokedexXamarin.Android", "PokedexXamarin.Android\PokedexXamarin.Android.csproj", "{EAC7ADC6-D291-4AAA-BB4C-624E073BBFDD}"
EndProject
Project("{FAE04EC0-301F-11D3-BF4B-00C04F79EFBC}") = "PokedexXamarin.iOS", "PokedexXamarin.iOS\PokedexXamarin.iOS.csproj", "{13DF8B6F-525B-4084-974A-E52FF56F053D}"
EndProject
Project("{FAE04EC0-301F-11D3-BF4B-00C04F79EFBC}") = "PokedexXamarin", "PokedexXamarin\PokedexXamarin.csproj", "{37507BF8-0060-43EB-BA9C-AE8BAC85C562}"
EndProject
Global
	GlobalSection(SolutionConfigurationPlatforms) = preSolution
		Debug|Any CPU = Debug|Any CPU
		Debug|iPhone = Debug|iPhone
		Debug|iPhoneSimulator = Debug|iPhoneSimulator
		Release|Any CPU = Release|Any CPU
		Release|iPhone = Release|iPhone
		Release|iPhoneSimulator = Release|iPhoneSimulator
	EndGlobalSection
	GlobalSection(ProjectConfigurationPlatforms) = postSolution
		{EAC7ADC6-D291-4AAA-BB4C-624E073BBFDD}.Debug|Any CPU.ActiveCfg = Debug|Any CPU
		{EAC7ADC6-D291-4AAA-BB4C-624E073BBFDD}.Debug|Any CPU.Build.0 = Debug|Any CPU
		{EAC7ADC6-D291-4AAA-BB4C-624E073BBFDD}.Debug|Any CPU.Deploy.0 = Debug|Any CPU
		{EAC7ADC6-D291-4AAA-BB4C-624E073BBFDD}.Debug|iPhone.ActiveCfg = Debug|Any CPU
		{EAC7ADC6-D291-4AAA-BB4C-624E073BBFDD}.Debug|iPhone.Build.0 = Debug|Any CPU
		{EAC7ADC6-D291-4AAA-BB4C-624E073BBFDD}.Debug|iPhone.Deploy.0 = Debug|Any CPU
		{EAC7ADC6-D291-4AAA-BB4C-624E073BBFDD}.Debug|iPhoneSimulator.ActiveCfg = Debug|Any CPU
		{EAC7ADC6-D291-4AAA-BB4C-624E073BBFDD}.Debug|iPhoneSimulator.Build.0 = Debug|Any CPU
		{EAC7ADC6-D291-4AAA-BB4C-624E073BBFDD}.Debug|iPhoneSimulator.Deploy.0 = Debug|Any CPU
		{EAC7ADC6-D291-4AAA-BB4C-624E073BBFDD}.Release|Any CPU.ActiveCfg = Release|Any CPU
		{EAC7ADC6-D291-4AAA-BB4C-624E073BBFDD}.Release|Any CPU.Build.0 = Release|Any CPU
		{EAC7ADC6-D291-4AAA-BB4C-624E073BBFDD}.Release|Any CPU.Deploy.0 = Release|Any CPU
		{EAC7ADC6-D291-4AAA-BB4C-624E073BBFDD}.Release|iPhone.ActiveCfg = Release|Any CPU
		{EAC7ADC6-D291-4AAA-BB4C-624E073BBFDD}.Release|iPhone.Build.0 = Release|Any CPU
		{EAC7ADC6-D291-4AAA-BB4C-624E073BBFDD}.Release|iPhone.Deploy.0 = Release|Any CPU
		{EAC7ADC6-D291-4AAA-BB4C-624E073BBFDD}.Release|iPhoneSimulator.ActiveCfg = Release|Any CPU
		{EAC7ADC6-D291-4AAA-BB4C-624E073BBFDD}.Release|iPhoneSimulator.Build.0 = Release|Any CPU
		{EAC7ADC6-D291-4AAA-BB4C-624E073BBFDD}.Release|iPhoneSimulator.Deploy.0 = Release|Any CPU
		{13DF8B6F-525B-4084-974A-E52FF56F053D}.Debug|Any CPU.ActiveCfg = Debug|iPhone
		{13DF8B6F-525B-4084-974A-E52FF56F053D}.Debug|Any CPU.Build.0 = Debug|iPhone
		{13DF8B6F-525B-4084-974A-E52FF56F053D}.Debug|Any CPU.Deploy.0 = Debug|iPhone
		{13DF8B6F-525B-4084-974A-E52FF56F053D}.Debug|iPhone.ActiveCfg = Debug|iPhone
		{13DF8B6F-525B-4084-974A-E52FF56F053D}.Debug|iPhone.Build.0 = Debug|iPhone
		{13DF8B6F-525B-4084-974A-E52FF56F053D}.Debug|iPhone.Deploy.0 = Debug|iPhone
		{13DF8B6F-525B-4084-974A-E52FF56F053D}.Debug|iPhoneSimulator.ActiveCfg = Debug|iPhoneSimulator
		{13DF8B6F-525B-4084-974A-E52FF56F053D}.Debug|iPhoneSimulator.Build.0 = Debug|iPhoneSimulator
		{13DF8B6F-525B-4084-974A-E52FF56F053D}.Debug|iPhoneSimulator.Deploy.0 = Debug|iPhoneSimulator
		{13DF8B6F-525B-4084-974A-E52FF56F053D}.Release|Any CPU.ActiveCfg = Release|iPhoneSimulator
		{13DF8B6F-525B-4084-974A-E52FF56F053D}.Release|Any CPU.Build.0 = Release|iPhoneSimulator
		{13DF8B6F-525B-4084-974A-E52FF56F053D}.Release|Any CPU.Deploy.0 = Release|iPhoneSimulator
		{13DF8B6F-525B-4084-974A-E52FF56F053D}.Release|iPhone.ActiveCfg = Release|iPhone
		{13DF8B6F-525B-4084-974A-E52FF56F053D}.Release|iPhone.Build.0 = Release|iPhone
		{13DF8B6F-525B-4084-974A-E52FF56F053D}.Release|iPhone.Deploy.0 = Release|iPhone
		{13DF8B6F-525B-4084-974A-E52FF56F053D}.Release|iPhoneSimulator.ActiveCfg = Release|iPhoneSimulator
		{13DF8B6F-525B-4084-974A-E52FF56F053D}.Release|iPhoneSimulator.Build.0 = Release|iPhoneSimulator
		{13DF8B6F-525B-4084-974A-E52FF56F053D}.Release|iPhoneSimulator.Deploy.0 = Release|iPhoneSimulator
		{37507BF8-0060-43EB-BA9C-AE8BAC85C562}.Debug|Any CPU.ActiveCfg = Debug|Any CPU
		{37507BF8-0060-43EB-BA9C-AE8BAC85C562}.Debug|Any CPU.Build.0 = Debug|Any CPU
		{37507BF8-0060-43EB-BA9C-AE8BAC85C562}.Debug|Any CPU.Deploy.0 = Debug|Any CPU
		{37507BF8-0060-43EB-BA9C-AE8BAC85C562}.Debug|iPhone.ActiveCfg = Debug|Any CPU
		{37507BF8-0060-43EB-BA9C-AE8BAC85C562}.Debug|iPhone.Build.0 = Debug|Any CPU
		{37507BF8-0060-43EB-BA9C-AE8BAC85C562}.Debug|iPhone.Deploy.0 = Debug|Any CPU
		{37507BF8-0060-43EB-BA9C-AE8BAC85C562}.Debug|iPhoneSimulator.ActiveCfg = Debug|Any CPU
		{37507BF8-0060-43EB-BA9C-AE8BAC85C562}.Debug|iPhoneSimulator.Build.0 = Debug|Any CPU
		{37507BF8-0060-43EB-BA9C-AE8BAC85C562}.Debug|iPhoneSimulator.Deploy.0 = Debug|Any CPU
		{37507BF8-0060-43EB-BA9C-AE8BAC85C562}.Release|Any CPU.ActiveCfg = Release|Any CPU
		{37507BF8-0060-43EB-BA9C-AE8BAC85C562}.Release|Any CPU.Build.0 = Release|Any CPU
		{37507BF8-0060-43EB-BA9C-AE8BAC85C562}.Release|Any CPU.Deploy.0 = Release|Any CPU
		{37507BF8-0060-43EB-BA9C-AE8BAC85C562}.Release|iPhone.ActiveCfg = Release|Any CPU
		{37507BF8-0060-43EB-BA9C-AE8BAC85C562}.Release|iPhone.Build.0 = Release|Any CPU
		{37507BF8-0060-43EB-BA9C-AE8BAC85C562}.Release|iPhone.Deploy.0 = Release|Any CPU
		{37507BF8-0060-43EB-BA9C-AE8BAC85C562}.Release|iPhoneSimulator.ActiveCfg = Release|Any CPU
		{37507BF8-0060-43EB-BA9C-AE8BAC85C562}.Release|iPhoneSimulator.Build.0 = Release|Any CPU
		{37507BF8-0060-43EB-BA9C-AE8BAC85C562}.Release|iPhoneSimulator.Deploy.0 = Release|Any CPU
	EndGlobalSection
	GlobalSection(SolutionProperties) = preSolution
		HideSolutionNode = FALSE
	EndGlobalSection
	GlobalSection(ExtensibilityGlobals) = postSolution
		SolutionGuid = {DC3A19F6-81E1-47DF-B424-1AE250BA644E}
	EndGlobalSection
EndGlobal
